
Microsoft Visual Studio Solution File, Format Version 12.00
# Visual Studio Version 17
VisualStudioVersion = 17.8.34322.80
MinimumVisualStudioVersion = 10.0.40219.1
Project("{FAE04EC0-301F-11D3-BF4B-00C04F79EFBC}") = "AKSS_BS5_AdminLTE3", "AKSS_BS5_AdminLTE3\AKSS_BS5_AdminLTE3.csproj", "{FDEAE329-EB38-4C08-AAC6-FF6922ECA1EB}"
EndProject
Global
	GlobalSection(SolutionConfigurationPlatforms) = preSolution
		Debug|Any CPU = Debug|Any CPU
		Release|Any CPU = Release|Any CPU
	EndGlobalSection
	GlobalSection(ProjectConfigurationPlatforms) = postSolution
		{FDEAE329-EB38-4C08-AAC6-FF6922ECA1EB}.Debug|Any CPU.ActiveCfg = Debug|Any CPU
		{FDEAE329-EB38-4C08-AAC6-FF6922ECA1EB}.Debug|Any CPU.Build.0 = Debug|Any CPU
		{FDEAE329-EB38-4C08-AAC6-FF6922ECA1EB}.Release|Any CPU.ActiveCfg = Release|Any CPU
		{FDEAE329-EB38-4C08-AAC6-FF6922ECA1EB}.Release|Any CPU.Build.0 = Release|Any CPU
	EndGlobalSection
	GlobalSection(SolutionProperties) = preSolution
		HideSolutionNode = FALSE
	EndGlobalSection
	GlobalSection(ExtensibilityGlobals) = postSolution
		SolutionGuid = {72877246-D64A-4546-AA05-549BFDD97911}
	EndGlobalSection
EndGlobal
